
Microsoft Visual Studio Solution File, Format Version 12.00
# Visual Studio Version 17
VisualStudioVersion = 17.8.34004.107
MinimumVisualStudioVersion = 10.0.40219.1
Project("{9A19103F-16F7-4668-BE54-9A1E7A4F7556}") = "QuickXorHash.WinForms", "QuickXorHash.WinForms\QuickXorHash.WinForms.csproj", "{F1E06774-8D6A-4A12-8DA6-118840863D14}"
EndProject
Project("{9A19103F-16F7-4668-BE54-9A1E7A4F7556}") = "QuickXorHash.CLI", "QuickXorHash.CLI\QuickXorHash.CLI.csproj", "{CA1EF02D-82B8-47F4-91B5-F963099F83F2}"
EndProject
Global
	GlobalSection(SolutionConfigurationPlatforms) = preSolution
		Debug|Any CPU = Debug|Any CPU
		Release|Any CPU = Release|Any CPU
	EndGlobalSection
	GlobalSection(ProjectConfigurationPlatforms) = postSolution
		{F1E06774-8D6A-4A12-8DA6-118840863D14}.Debug|Any CPU.ActiveCfg = Debug|Any CPU
		{F1E06774-8D6A-4A12-8DA6-118840863D14}.Debug|Any CPU.Build.0 = Debug|Any CPU
		{F1E06774-8D6A-4A12-8DA6-118840863D14}.Release|Any CPU.ActiveCfg = Release|Any CPU
		{F1E06774-8D6A-4A12-8DA6-118840863D14}.Release|Any CPU.Build.0 = Release|Any CPU
		{CA1EF02D-82B8-47F4-91B5-F963099F83F2}.Debug|Any CPU.ActiveCfg = Debug|Any CPU
		{CA1EF02D-82B8-47F4-91B5-F963099F83F2}.Debug|Any CPU.Build.0 = Debug|Any CPU
		{CA1EF02D-82B8-47F4-91B5-F963099F83F2}.Release|Any CPU.ActiveCfg = Release|Any CPU
		{CA1EF02D-82B8-47F4-91B5-F963099F83F2}.Release|Any CPU.Build.0 = Release|Any CPU
	EndGlobalSection
	GlobalSection(SolutionProperties) = preSolution
		HideSolutionNode = FALSE
	EndGlobalSection
	GlobalSection(ExtensibilityGlobals) = postSolution
		SolutionGuid = {7D75DF8C-CF69-4081-ADAF-E042F226B632}
	EndGlobalSection
EndGlobal
